
Microsoft Visual Studio Solution File, Format Version 12.00
# Visual Studio Version 17
VisualStudioVersion = 17.4.33110.190
MinimumVisualStudioVersion = 10.0.40219.1
Project("{FAE04EC0-301F-11D3-BF4B-00C04F79EFBC}") = "ConsoleApp1", "ConsoleApp1\ConsoleApp1.csproj", "{24BD5B70-6814-48C1-A23D-4417CF54D356}"
EndProject
Global
	GlobalSection(SolutionConfigurationPlatforms) = preSolution
		Debug|Any CPU = Debug|Any CPU
		Release|Any CPU = Release|Any CPU
	EndGlobalSection
	GlobalSection(ProjectConfigurationPlatforms) = postSolution
		{24BD5B70-6814-48C1-A23D-4417CF54D356}.Debug|Any CPU.ActiveCfg = Debug|Any CPU
		{24BD5B70-6814-48C1-A23D-4417CF54D356}.Debug|Any CPU.Build.0 = Debug|Any CPU
		{24BD5B70-6814-48C1-A23D-4417CF54D356}.Release|Any CPU.ActiveCfg = Release|Any CPU
		{24BD5B70-6814-48C1-A23D-4417CF54D356}.Release|Any CPU.Build.0 = Release|Any CPU
	EndGlobalSection
	GlobalSection(SolutionProperties) = preSolution
		HideSolutionNode = FALSE
	EndGlobalSection
	GlobalSection(ExtensibilityGlobals) = postSolution
		SolutionGuid = {336CDB64-9DCA-43CF-A847-84CF788D3C80}
	EndGlobalSection
EndGlobal
